// !$*UTF8*$!
{
	archiveVersion = 1;
	classes = {
	};
	objectVersion = 46;
	objects = {

/* Begin PBXBuildFile section */
		BE310A081A4909F200384D5A /* AppDelegate.swift in Sources */ = {isa = PBXBuildFile; fileRef = BE310A071A4909F200384D5A /* AppDelegate.swift */; };
		BE310A0A1A4909F200384D5A /* ViewController.swift in Sources */ = {isa = PBXBuildFile; fileRef = BE310A091A4909F200384D5A /* ViewController.swift */; };
		BE310A0D1A4909F200384D5A /* Main.storyboard in Resources */ = {isa = PBXBuildFile; fileRef = BE310A0B1A4909F200384D5A /* Main.storyboard */; };
		BE310A0F1A4909F200384D5A /* Images.xcassets in Resources */ = {isa = PBXBuildFile; fileRef = BE310A0E1A4909F200384D5A /* Images.xcassets */; };
		BE310A121A4909F200384D5A /* LaunchScreen.xib in Resources */ = {isa = PBXBuildFile; fileRef = BE310A101A4909F200384D5A /* LaunchScreen.xib */; };
		BE310A281A49113900384D5A /* CentralManager.swift in Sources */ = {isa = PBXBuildFile; fileRef = BE310A271A49113900384D5A /* CentralManager.swift */; };
		BE310A2A1A49118000384D5A /* NexturnObject.swift in Sources */ = {isa = PBXBuildFile; fileRef = BE310A291A49118000384D5A /* NexturnObject.swift */; };
/* End PBXBuildFile section */

/* Begin PBXFileReference section */
		BE310A021A4909F200384D5A /* NexturnController.app */ = {isa = PBXFileReference; explicitFileType = wrapper.application; includeInIndex = 0; path = NexturnController.app; sourceTree = BUILT_PRODUCTS_DIR; };
		BE310A061A4909F200384D5A /* Info.plist */ = {isa = PBXFileReference; lastKnownFileType = text.plist.xml; path = Info.plist; sourceTree = "<group>"; };
		BE310A071A4909F200384D5A /* AppDelegate.swift */ = {isa = PBXFileReference; lastKnownFileType = sourcecode.swift; path = AppDelegate.swift; sourceTree = "<group>"; };
		BE310A091A4909F200384D5A /* ViewController.swift */ = {isa = PBXFileReference; lastKnownFileType = sourcecode.swift; path = ViewController.swift; sourceTree = "<group>"; };
		BE310A0C1A4909F200384D5A /* Base */ = {isa = PBXFileReference; lastKnownFileType = file.storyboard; name = Base; path = Base.lproj/Main.storyboard; sourceTree = "<group>"; };
		BE310A0E1A4909F200384D5A /* Images.xcassets */ = {isa = PBXFileReference; lastKnownFileType = folder.assetcatalog; path = Images.xcassets; sourceTree = "<group>"; };
		BE310A111A4909F200384D5A /* Base */ = {isa = PBXFileReference; lastKnownFileType = file.xib; name = Base; path = Base.lproj/LaunchScreen.xib; sourceTree = "<group>"; };
		BE310A271A49113900384D5A /* CentralManager.swift */ = {isa = PBXFileReference; fileEncoding = 4; lastKnownFileType = sourcecode.swift; path = CentralManager.swift; sourceTree = "<group>"; };
		BE310A291A49118000384D5A /* NexturnObject.swift */ = {isa = PBXFileReference; fileEncoding = 4; lastKnownFileType = sourcecode.swift; path = NexturnObject.swift; sourceTree = "<group>"; };
/* End PBXFileReference section */

/* Begin PBXFrameworksBuildPhase section */
		BE3109FF1A4909F200384D5A /* Frameworks */ = {
			isa = PBXFrameworksBuildPhase;
			buildActionMask = 2147483647;
			files = (
			);
			runOnlyForDeploymentPostprocessing = 0;
		};
/* End PBXFrameworksBuildPhase section */

/* Begin PBXGroup section */
		BE3109F91A4909F200384D5A = {
			isa = PBXGroup;
			children = (
				BE310A041A4909F200384D5A /* NexturnController */,
				BE310A031A4909F200384D5A /* Products */,
			);
			sourceTree = "<group>";
		};
		BE310A031A4909F200384D5A /* Products */ = {
			isa = PBXGroup;
			children = (
				BE310A021A4909F200384D5A /* NexturnController.app */,
			);
			name = Products;
			sourceTree = "<group>";
		};
		BE310A041A4909F200384D5A /* NexturnController */ = {
			isa = PBXGroup;
			children = (
				BE310A071A4909F200384D5A /* AppDelegate.swift */,
				BE310A091A4909F200384D5A /* ViewController.swift */,
				BE310A271A49113900384D5A /* CentralManager.swift */,
				BE310A291A49118000384D5A /* NexturnObject.swift */,
				BE310A0B1A4909F200384D5A /* Main.storyboard */,
				BE310A0E1A4909F200384D5A /* Images.xcassets */,
				BE310A101A4909F200384D5A /* LaunchScreen.xib */,
				BE310A051A4909F200384D5A /* Supporting Files */,
			);
			path = NexturnController;
			sourceTree = "<group>";
		};
		BE310A051A4909F200384D5A /* Supporting Files */ = {
			isa = PBXGroup;
			children = (
				BE310A061A4909F200384D5A /* Info.plist */,
			);
			name = "Supporting Files";
			sourceTree = "<group>";
		};
/* End PBXGroup section */

/* Begin PBXNativeTarget section */
		BE310A011A4909F200384D5A /* NexturnController */ = {
			isa = PBXNativeTarget;
			buildConfigurationList = BE310A211A4909F200384D5A /* Build configuration list for PBXNativeTarget "NexturnController" */;
			buildPhases = (
				BE3109FE1A4909F200384D5A /* Sources */,
				BE3109FF1A4909F200384D5A /* Frameworks */,
				BE310A001A4909F200384D5A /* Resources */,
			);
			buildRules = (
			);
			dependencies = (
			);
			name = NexturnController;
			productName = NexturnControl;
			productReference = BE310A021A4909F200384D5A /* NexturnController.app */;
			productType = "com.apple.product-type.application";
		};
/* End PBXNativeTarget section */

/* Begin PBXProject section */
		BE3109FA1A4909F200384D5A /* Project object */ = {
			isa = PBXProject;
			attributes = {
				LastSwiftUpdateCheck = 0700;
				LastUpgradeCheck = 0810;
				ORGANIZATIONNAME = "Kengo Yokoyama";
				TargetAttributes = {
					BE310A011A4909F200384D5A = {
						CreatedOnToolsVersion = 6.1.1;
						DevelopmentTeam = QZJ74E9669;
						LastSwiftMigration = 0810;
					};
				};
			};
			buildConfigurationList = BE3109FD1A4909F200384D5A /* Build configuration list for PBXProject "NexturnController" */;
			compatibilityVersion = "Xcode 3.2";
			developmentRegion = English;
			hasScannedForEncodings = 0;
			knownRegions = (
				en,
				Base,
			);
			mainGroup = BE3109F91A4909F200384D5A;
			productRefGroup = BE310A031A4909F200384D5A /* Products */;
			projectDirPath = "";
			projectRoot = "";
			targets = (
				BE310A011A4909F200384D5A /* NexturnController */,
			);
		};
/* End PBXProject section */

/* Begin PBXResourcesBuildPhase section */
		BE310A001A4909F200384D5A /* Resources */ = {
			isa = PBXResourcesBuildPhase;
			buildActionMask = 2147483647;
			files = (
				BE310A0D1A4909F200384D5A /* Main.storyboard in Resources */,
				BE310A121A4909F200384D5A /* LaunchScreen.xib in Resources */,
				BE310A0F1A4909F200384D5A /* Images.xcassets in Resources */,
			);
			runOnlyForDeploymentPostprocessing = 0;
		};
/* End PBXResourcesBuildPhase section */

/* Begin PBXSourcesBuildPhase section */
		BE3109FE1A4909F200384D5A /* Sources */ = {
			isa = PBXSourcesBuildPhase;
			buildActionMask = 2147483647;
			files = (
				BE310A0A1A4909F200384D5A /* ViewController.swift in Sources */,
				BE310A2A1A49118000384D5A /* NexturnObject.swift in Sources */,
				BE310A081A4909F200384D5A /* AppDelegate.swift in Sources */,
				BE310A281A49113900384D5A /* CentralManager.swift in Sources */,
			);
			runOnlyForDeploymentPostprocessing = 0;
		};
/* End PBXSourcesBuildPhase section */

/* Begin PBXVariantGroup section */
		BE310A0B1A4909F200384D5A /* Main.storyboard */ = {
			isa = PBXVariantGroup;
			children = (
				BE310A0C1A4909F200384D5A /* Base */,
			);
			name = Main.storyboard;
			sourceTree = "<group>";
		};
		BE310A101A4909F200384D5A /* LaunchScreen.xib */ = {
			isa = PBXVariantGroup;
			children = (
				BE310A111A4909F200384D5A /* Base */,
			);
			name = LaunchScreen.xib;
			sourceTree = "<group>";
		};
/* End PBXVariantGroup section */

/* Begin XCBuildConfiguration section */
		BE310A1F1A4909F200384D5A /* Debug */ = {
			isa = XCBuildConfiguration;
			buildSettings = {
				ALWAYS_SEARCH_USER_PATHS = NO;
				CLANG_CXX_LANGUAGE_STANDARD = "gnu++0x";
				CLANG_CXX_LIBRARY = "libc++";
				CLANG_ENABLE_MODULES = YES;
				CLANG_ENABLE_OBJC_ARC = YES;
				CLANG_WARN_BOOL_CONVERSION = YES;
				CLANG_WARN_CONSTANT_CONVERSION = YES;
				CLANG_WARN_DIRECT_OBJC_ISA_USAGE = YES_ERROR;
				CLANG_WARN_EMPTY_BODY = YES;
				CLANG_WARN_ENUM_CONVERSION = YES;
				CLANG_WARN_INFINITE_RECURSION = YES;
				CLANG_WARN_INT_CONVERSION = YES;
				CLANG_WARN_OBJC_ROOT_CLASS = YES_ERROR;
				CLANG_WARN_SUSPICIOUS_MOVE = YES;
				CLANG_WARN_UNREACHABLE_CODE = YES;
				CLANG_WARN__DUPLICATE_METHOD_MATCH = YES;
				CODE_SIGN_IDENTITY = "iPhone Developer";
				"CODE_SIGN_IDENTITY[sdk=iphoneos*]" = "iPhone Developer";
				COPY_PHASE_STRIP = NO;
				ENABLE_STRICT_OBJC_MSGSEND = YES;
				ENABLE_TESTABILITY = YES;
				GCC_C_LANGUAGE_STANDARD = gnu99;
				GCC_DYNAMIC_NO_PIC = NO;
				GCC_NO_COMMON_BLOCKS = YES;
				GCC_OPTIMIZATION_LEVEL = 0;
				GCC_PREPROCESSOR_DEFINITIONS = (
					"DEBUG=1",
					"$(inherited)",
				);
				GCC_SYMBOLS_PRIVATE_EXTERN = NO;
				GCC_WARN_64_TO_32_BIT_CONVERSION = YES;
				GCC_WARN_ABOUT_RETURN_TYPE = YES_ERROR;
				GCC_WARN_UNDECLARED_SELECTOR = YES;
				GCC_WARN_UNINITIALIZED_AUTOS = YES_AGGRESSIVE;
				GCC_WARN_UNUSED_FUNCTION = YES;
				GCC_WARN_UNUSED_VARIABLE = YES;
				IPHONEOS_DEPLOYMENT_TARGET = 8.0;
				MTL_ENABLE_DEBUG_INFO = YES;
				ONLY_ACTIVE_ARCH = YES;
				SDKROOT = iphoneos;
				SWIFT_OPTIMIZATION_LEVEL = "-Onone";
				TARGETED_DEVICE_FAMILY = "1,2";
			};
			name = Debug;
		};
		BE310A201A4909F200384D5A /* Release */ = {
			isa = XCBuildConfiguration;
			buildSettings = {
				ALWAYS_SEARCH_USER_PATHS = NO;
				CLANG_CXX_LANGUAGE_STANDARD = "gnu++0x";
				CLANG_CXX_LIBRARY = "libc++";
				CLANG_ENABLE_MODULES = YES;
				CLANG_ENABLE_OBJC_ARC = YES;
				CLANG_WARN_BOOL_CONVERSION = YES;
				CLANG_WARN_CONSTANT_CONVERSION = YES;
				CLANG_WARN_DIRECT_OBJC_ISA_USAGE = YES_ERROR;
				CLANG_WARN_EMPTY_BODY = YES;
				CLANG_WARN_ENUM_CONVERSION = YES;
				CLANG_WARN_INFINITE_RECURSION = YES;
				CLANG_WARN_INT_CONVERSION = YES;
				CLANG_WARN_OBJC_ROOT_CLASS = YES_ERROR;
				CLANG_WARN_SUSPICIOUS_MOVE = YES;
				CLANG_WARN_UNREACHABLE_CODE = YES;
				CLANG_WARN__DUPLICATE_METHOD_MATCH = YES;
				CODE_SIGN_IDENTITY = "iPhone Developer";
				"CODE_SIGN_IDENTITY[sdk=iphoneos*]" = "iPhone Developer";
				COPY_PHASE_STRIP = YES;
				ENABLE_NS_ASSERTIONS = NO;
				ENABLE_STRICT_OBJC_MSGSEND = YES;
				GCC_C_LANGUAGE_STANDARD = gnu99;
				GCC_NO_COMMON_BLOCKS = YES;
				GCC_WARN_64_TO_32_BIT_CONVERSION = YES;
				GCC_WARN_ABOUT_RETURN_TYPE = YES_ERROR;
				GCC_WARN_UNDECLARED_SELECTOR = YES;
				GCC_WARN_UNINITIALIZED_AUTOS = YES_AGGRESSIVE;
				GCC_WARN_UNUSED_FUNCTION = YES;
				GCC_WARN_UNUSED_VARIABLE = YES;
				IPHONEOS_DEPLOYMENT_TARGET = 8.0;
				MTL_ENABLE_DEBUG_INFO = NO;
				SDKROOT = iphoneos;
				SWIFT_OPTIMIZATION_LEVEL = "-Owholemodule";
				TARGETED_DEVICE_FAMILY = "1,2";
				VALIDATE_PRODUCT = YES;
			};
			name = Release;
		};
		BE310A221A4909F200384D5A /* Debug */ = {
			isa = XCBuildConfiguration;
			buildSettings = {
				ASSETCATALOG_COMPILER_APPICON_NAME = AppIcon;
				DEVELOPMENT_TEAM = QZJ74E9669;
				INFOPLIST_FILE = "$(SRCROOT)/NexturnController/Info.plist";
				LD_RUNPATH_SEARCH_PATHS = "$(inherited) @executable_path/Frameworks";
				PRODUCT_BUNDLE_IDENTIFIER = "AppKnop.$(PRODUCT_NAME:rfc1034identifier)";
				PRODUCT_NAME = NexturnController;
				SWIFT_VERSION = 3.0;
			};
			name = Debug;
		};
		BE310A231A4909F200384D5A /* Release */ = {
			isa = XCBuildConfiguration;
			buildSettings = {
				ASSETCATALOG_COMPILER_APPICON_NAME = AppIcon;
				DEVELOPMENT_TEAM = QZJ74E9669;
				INFOPLIST_FILE = "$(SRCROOT)/NexturnController/Info.plist";
				LD_RUNPATH_SEARCH_PATHS = "$(inherited) @executable_path/Frameworks";
				PRODUCT_BUNDLE_IDENTIFIER = "AppKnop.$(PRODUCT_NAME:rfc1034identifier)";
				PRODUCT_NAME = NexturnController;
				SWIFT_VERSION = 3.0;
			};
			name = Release;
		};
/* End XCBuildConfiguration section */

/* Begin XCConfigurationList section */
		BE3109FD1A4909F200384D5A /* Build configuration list for PBXProject "NexturnController" */ = {
			isa = XCConfigurationList;
			buildConfigurations = (
				BE310A1F1A4909F200384D5A /* Debug */,
				BE310A201A4909F200384D5A /* Release */,
			);
			defaultConfigurationIsVisible = 0;
			defaultConfigurationName = Release;
		};
		BE310A211A4909F200384D5A /* Build configuration list for PBXNativeTarget "NexturnController" */ = {
			isa = XCConfigurationList;
			buildConfigurations = (
				BE310A221A4909F200384D5A /* Debug */,
				BE310A231A4909F200384D5A /* Release */,
			);
			defaultConfigurationIsVisible = 0;
			defaultConfigurationName = Release;
		};
/* End XCConfigurationList section */
	};
	rootObject = BE3109FA1A4909F200384D5A /* Project object */;
}
